
Microsoft Visual Studio Solution File, Format Version 12.00
# Visual Studio Version 16
VisualStudioVersion = 16.0.30523.141
MinimumVisualStudioVersion = 10.0.40219.1
Project("{FAE04EC0-301F-11D3-BF4B-00C04F79EFBC}") = "BookStore", "BookStore\BookStore.csproj", "{3115856B-7110-4023-972F-C897B309C2C3}"
EndProject
Global
	GlobalSection(SolutionConfigurationPlatforms) = preSolution
		Debug|Any CPU = Debug|Any CPU
		Release|Any CPU = Release|Any CPU
	EndGlobalSection
	GlobalSection(ProjectConfigurationPlatforms) = postSolution
		{3115856B-7110-4023-972F-C897B309C2C3}.Debug|Any CPU.ActiveCfg = Debug|Any CPU
		{3115856B-7110-4023-972F-C897B309C2C3}.Debug|Any CPU.Build.0 = Debug|Any CPU
		{3115856B-7110-4023-972F-C897B309C2C3}.Release|Any CPU.ActiveCfg = Release|Any CPU
		{3115856B-7110-4023-972F-C897B309C2C3}.Release|Any CPU.Build.0 = Release|Any CPU
	EndGlobalSection
	GlobalSection(SolutionProperties) = preSolution
		HideSolutionNode = FALSE
	EndGlobalSection
	GlobalSection(ExtensibilityGlobals) = postSolution
		SolutionGuid = {8B0DB9EF-468E-431A-B6E6-3341DB949294}
	EndGlobalSection
EndGlobal
